
Microsoft Visual Studio Solution File, Format Version 12.00
# Visual Studio Version 16
VisualStudioVersion = 16.0.31613.86
MinimumVisualStudioVersion = 10.0.40219.1
Project("{9A19103F-16F7-4668-BE54-9A1E7A4F7556}") = "Localiza.Frotas", "Localiza.Frotas\Localiza.Frotas.csproj", "{559E433B-96B4-461E-8027-37911EC80333}"
EndProject
Project("{9A19103F-16F7-4668-BE54-9A1E7A4F7556}") = "Localiza.Frotas.Domain", "Localiza.Frotas.Domain\Localiza.Frotas.Domain.csproj", "{AB51F2DE-651B-41CA-9A16-5C89C3AE7F7E}"
EndProject
Project("{9A19103F-16F7-4668-BE54-9A1E7A4F7556}") = "Localiza.Frotas.Infra", "Localiza.Frotas.Intra\Localiza.Frotas.Infra.csproj", "{30291DF6-DFF7-482E-9245-B6C7E34A1919}"
EndProject
Project("{2150E333-8FDC-42A3-9474-1A3956D46DE8}") = "Solution Items", "Solution Items", "{8D6FA430-6374-4E92-B4B0-19DB693B069D}"
	ProjectSection(SolutionItems) = preProject
		.editorconfig = .editorconfig
	EndProjectSection
EndProject
Global
	GlobalSection(SolutionConfigurationPlatforms) = preSolution
		Debug|Any CPU = Debug|Any CPU
		Release|Any CPU = Release|Any CPU
	EndGlobalSection
	GlobalSection(ProjectConfigurationPlatforms) = postSolution
		{559E433B-96B4-461E-8027-37911EC80333}.Debug|Any CPU.ActiveCfg = Debug|Any CPU
		{559E433B-96B4-461E-8027-37911EC80333}.Debug|Any CPU.Build.0 = Debug|Any CPU
		{559E433B-96B4-461E-8027-37911EC80333}.Release|Any CPU.ActiveCfg = Release|Any CPU
		{559E433B-96B4-461E-8027-37911EC80333}.Release|Any CPU.Build.0 = Release|Any CPU
		{AB51F2DE-651B-41CA-9A16-5C89C3AE7F7E}.Debug|Any CPU.ActiveCfg = Debug|Any CPU
		{AB51F2DE-651B-41CA-9A16-5C89C3AE7F7E}.Debug|Any CPU.Build.0 = Debug|Any CPU
		{AB51F2DE-651B-41CA-9A16-5C89C3AE7F7E}.Release|Any CPU.ActiveCfg = Release|Any CPU
		{AB51F2DE-651B-41CA-9A16-5C89C3AE7F7E}.Release|Any CPU.Build.0 = Release|Any CPU
		{30291DF6-DFF7-482E-9245-B6C7E34A1919}.Debug|Any CPU.ActiveCfg = Debug|Any CPU
		{30291DF6-DFF7-482E-9245-B6C7E34A1919}.Debug|Any CPU.Build.0 = Debug|Any CPU
		{30291DF6-DFF7-482E-9245-B6C7E34A1919}.Release|Any CPU.ActiveCfg = Release|Any CPU
		{30291DF6-DFF7-482E-9245-B6C7E34A1919}.Release|Any CPU.Build.0 = Release|Any CPU
	EndGlobalSection
	GlobalSection(SolutionProperties) = preSolution
		HideSolutionNode = FALSE
	EndGlobalSection
	GlobalSection(ExtensibilityGlobals) = postSolution
		SolutionGuid = {B0FF30A8-6460-4351-BB77-026E4940B533}
	EndGlobalSection
EndGlobal
